
Microsoft Visual Studio Solution File, Format Version 12.00
# Visual Studio Version 16
VisualStudioVersion = 16.0.30204.135
MinimumVisualStudioVersion = 10.0.40219.1
Project("{8BC9CEB8-8B4A-11D0-8D11-00A0C91BC942}") = "RealEditor", "RE.vcxproj", "{86FBF694-90B7-43ED-9F10-184668AEA516}"
	ProjectSection(ProjectDependencies) = postProject
		{6A9082F6-6A49-46CF-AD2B-D4021FA2CC34} = {6A9082F6-6A49-46CF-AD2B-D4021FA2CC34}
	EndProjectSection
EndProject
Project("{8BC9CEB8-8B4A-11D0-8D11-00A0C91BC942}") = "Tera", "..\TeraCoreLib\Tera.vcxproj", "{6A9082F6-6A49-46CF-AD2B-D4021FA2CC34}"
EndProject
Global
	GlobalSection(SolutionConfigurationPlatforms) = preSolution
		Debug ASAN|x64 = Debug ASAN|x64
		Debug|x64 = Debug|x64
		Release|x64 = Release|x64
	EndGlobalSection
	GlobalSection(ProjectConfigurationPlatforms) = postSolution
		{86FBF694-90B7-43ED-9F10-184668AEA516}.Debug ASAN|x64.ActiveCfg = Debug ASAN|x64
		{86FBF694-90B7-43ED-9F10-184668AEA516}.Debug ASAN|x64.Build.0 = Debug ASAN|x64
		{86FBF694-90B7-43ED-9F10-184668AEA516}.Debug|x64.ActiveCfg = Debug|x64
		{86FBF694-90B7-43ED-9F10-184668AEA516}.Debug|x64.Build.0 = Debug|x64
		{86FBF694-90B7-43ED-9F10-184668AEA516}.Release|x64.ActiveCfg = Release|x64
		{86FBF694-90B7-43ED-9F10-184668AEA516}.Release|x64.Build.0 = Release|x64
		{6A9082F6-6A49-46CF-AD2B-D4021FA2CC34}.Debug ASAN|x64.ActiveCfg = Debug ASAN|x64
		{6A9082F6-6A49-46CF-AD2B-D4021FA2CC34}.Debug ASAN|x64.Build.0 = Debug ASAN|x64
		{6A9082F6-6A49-46CF-AD2B-D4021FA2CC34}.Debug|x64.ActiveCfg = Debug|x64
		{6A9082F6-6A49-46CF-AD2B-D4021FA2CC34}.Debug|x64.Build.0 = Debug|x64
		{6A9082F6-6A49-46CF-AD2B-D4021FA2CC34}.Release|x64.ActiveCfg = Release|x64
		{6A9082F6-6A49-46CF-AD2B-D4021FA2CC34}.Release|x64.Build.0 = Release|x64
	EndGlobalSection
	GlobalSection(SolutionProperties) = preSolution
		HideSolutionNode = FALSE
	EndGlobalSection
	GlobalSection(ExtensibilityGlobals) = postSolution
		SolutionGuid = {16173D8F-19F0-4998-9341-02897243EE90}
	EndGlobalSection
EndGlobal
