<?xml version="1.0" encoding="utf-8"?>
<Project ToolsVersion="4.0" xmlns="http://schemas.microsoft.com/developer/msbuild/2003">
  <ItemGroup>
    <Filter Include="Source Files">
      <UniqueIdentifier>{4FC737F1-C7A5-4376-A066-2A32D752A2FF}</UniqueIdentifier>
      <Extensions>cpp;c;cc;cxx;c++;def;odl;idl;hpj;bat;asm;asmx</Extensions>
    </Filter>
    <Filter Include="Resource Files">
      <UniqueIdentifier>{67DA6AB6-F800-4c08-8B7A-83BB121AAD01}</UniqueIdentifier>
      <Extensions>rc;ico;cur;bmp;dlg;rc2;rct;bin;rgs;gif;jpg;jpeg;jpe;resx;tiff;tif;png;wav;mfcribbon-ms</Extensions>
    </Filter>
    <Filter Include="Source Files\App">
      <UniqueIdentifier>{cf4b1c5f-2201-4654-8949-0c48a4063e5b}</UniqueIdentifier>
    </Filter>
  </ItemGroup>
  <ItemGroup>
    <ClCompile Include="App\App.cpp">
      <Filter>Source Files\App</Filter>
    </ClCompile>
    <ClCompile Include="App\Editors\GenericEditor.cpp">
      <Filter>Source Files\App</Filter>
    </ClCompile>
    <ClCompile Include="App\Editors\ObjectRedirectorEditor.cpp">
      <Filter>Source Files</Filter>
    </ClCompile>
    <ClCompile Include="App\Editors\TextureEditor.cpp">
      <Filter>Source Files</Filter>
    </ClCompile>
    <ClCompile Include="App\Windows\LogWindow.cpp">
      <Filter>Source Files</Filter>
    </ClCompile>
    <ClCompile Include="App\Windows\PackageWindow.cpp">
      <Filter>Source Files\App</Filter>
    </ClCompile>
    <ClCompile Include="App\Windows\ProgressWindow.cpp">
      <Filter>Source Files</Filter>
    </ClCompile>
    <ClCompile Include="App\Windows\SettingsWindow.cpp">
      <Filter>Source Files</Filter>
    </ClCompile>
    <ClCompile Include="App\Misc\ObjectProperties.cpp">
      <Filter>Source Files</Filter>
    </ClCompile>
    <ClCompile Include="App\Misc\ObjectTreeModel.cpp">
      <Filter>Source Files</Filter>
    </ClCompile>
    <ClCompile Include="App\Misc\RpcCom.cpp">
      <Filter>Source Files\App</Filter>
    </ClCompile>
    <ClCompile Include="App\Misc\OSGWindow.cpp">
      <Filter>Source Files</Filter>
    </ClCompile>
    <ClCompile Include="Core\Tera\Core.cpp">
      <Filter>Source Files</Filter>
    </ClCompile>
    <ClCompile Include="Core\Tera\FName.cpp">
      <Filter>Source Files</Filter>
    </ClCompile>
    <ClCompile Include="Core\Tera\FObjectResource.cpp">
      <Filter>Source Files</Filter>
    </ClCompile>
    <ClCompile Include="Core\Tera\FPackage.cpp">
      <Filter>Source Files</Filter>
    </ClCompile>
    <ClCompile Include="Core\Tera\FPropertyTag.cpp">
      <Filter>Source Files</Filter>
    </ClCompile>
    <ClCompile Include="Core\Tera\FStream.cpp">
      <Filter>Source Files</Filter>
    </ClCompile>
    <ClCompile Include="Core\Tera\FString.cpp">
      <Filter>Source Files</Filter>
    </ClCompile>
    <ClCompile Include="Core\Tera\FStructs.cpp">
      <Filter>Source Files</Filter>
    </ClCompile>
    <ClCompile Include="Core\Tera\UClass.cpp">
      <Filter>Source Files</Filter>
    </ClCompile>
    <ClCompile Include="Core\Tera\UComponent.cpp">
      <Filter>Source Files</Filter>
    </ClCompile>
    <ClCompile Include="Core\Tera\UMetaData.cpp">
      <Filter>Source Files</Filter>
    </ClCompile>
    <ClCompile Include="Core\Tera\UNames.cpp">
      <Filter>Source Files</Filter>
    </ClCompile>
    <ClCompile Include="Core\Tera\UObject.cpp">
      <Filter>Source Files</Filter>
    </ClCompile>
    <ClCompile Include="Core\Tera\UObjectFactory.cpp">
      <Filter>Source Files</Filter>
    </ClCompile>
    <ClCompile Include="Core\Tera\UObjectRedirector.cpp">
      <Filter>Source Files</Filter>
    </ClCompile>
    <ClCompile Include="Core\Tera\UPersistentCookerData.cpp">
      <Filter>Source Files</Filter>
    </ClCompile>
    <ClCompile Include="Core\Tera\UProperty.cpp">
      <Filter>Source Files</Filter>
    </ClCompile>
    <ClCompile Include="Core\Tera\UStaticMesh.cpp">
      <Filter>Source Files</Filter>
    </ClCompile>
    <ClCompile Include="Core\Tera\UTexture.cpp">
      <Filter>Source Files</Filter>
    </ClCompile>
    <ClCompile Include="Core\Utils\TextureProcessor.cpp">
      <Filter>Source Files</Filter>
    </ClCompile>
    <ClCompile Include="Extern\minilzo\minilzo.c">
      <Filter>Source Files</Filter>
    </ClCompile>
    <ClCompile Include="App\Windows\CompositePackagePicker.cpp">
      <Filter>Source Files</Filter>
    </ClCompile>
    <ClCompile Include="App\Windows\TextureImporter.cpp">
      <Filter>Source Files</Filter>
    </ClCompile>
    <ClCompile Include="Core\Utils\TextureTravaller.cpp">
      <Filter>Source Files</Filter>
    </ClCompile>
    <ClCompile Include="App\Windows\CompositePatcherWindow.cpp">
      <Filter>Source Files</Filter>
    </ClCompile>
    <ClCompile Include="Core\Utils\CompositePatcher.cpp">
      <Filter>Source Files</Filter>
    </ClCompile>
    <ClCompile Include="App\Windows\CreateModWindow.cpp">
      <Filter>Source Files</Filter>
    </ClCompile>
    <ClCompile Include="App\Windows\CookingOptions.cpp">
      <Filter>Source Files</Filter>
    </ClCompile>
    <ClCompile Include="Core\Tera\USkeletalMesh.cpp">
      <Filter>Source Files</Filter>
    </ClCompile>
    <ClCompile Include="Core\Utils\FbxUtils.cpp">
      <Filter>Source Files</Filter>
    </ClCompile>
    <ClCompile Include="App\Editors\SkelMeshEditor.cpp">
      <Filter>Source Files</Filter>
    </ClCompile>
    <ClCompile Include="Core\Tera\UMaterial.cpp">
      <Filter>Source Files</Filter>
    </ClCompile>
    <ClCompile Include="App\Editors\StaticMeshEditor.cpp">
      <Filter>Source Files</Filter>
    </ClCompile>
    <ClCompile Include="Core\Tera\USoundNode.cpp">
      <Filter>Source Files</Filter>
    </ClCompile>
    <ClCompile Include="App\Editors\SoundWaveEditor.cpp">
      <Filter>Source Files</Filter>
    </ClCompile>
    <ClCompile Include="Core\Utils\SoundTravaller.cpp">
      <Filter>Source Files</Filter>
    </ClCompile>
    <ClCompile Include="App\Misc\CompositeExtractModel.cpp">
      <Filter>Source Files</Filter>
    </ClCompile>
    <ClCompile Include="Core\Tera\UAnimation.cpp">
      <Filter>Source Files</Filter>
    </ClCompile>
    <ClCompile Include="App\Misc\ArchiveInfo.cpp">
      <Filter>Source Files</Filter>
    </ClCompile>
    <ClCompile Include="Core\Tera\UPhysAsset.cpp">
      <Filter>Source Files</Filter>
    </ClCompile>
    <ClCompile Include="Core\Tera\UActorComponent.cpp">
      <Filter>Source Files</Filter>
    </ClCompile>
    <ClCompile Include="Core\Tera\UActor.cpp">
      <Filter>Source Files</Filter>
    </ClCompile>
    <ClCompile Include="Core\Tera\ULevel.cpp">
      <Filter>Source Files</Filter>
    </ClCompile>
    <ClCompile Include="App\Editors\ClassEditor.cpp">
      <Filter>Source Files</Filter>
    </ClCompile>
    <ClCompile Include="App\Editors\LevelEditor.cpp">
      <Filter>Source Files</Filter>
    </ClCompile>
    <ClCompile Include="App\Editors\StaticMeshActorEditor.cpp">
      <Filter>Source Files</Filter>
    </ClCompile>
    <ClCompile Include="Core\Tera\ULevelStreaming.cpp">
      <Filter>Source Files</Filter>
    </ClCompile>
    <ClCompile Include="Core\Tera\USpeedTree.cpp">
      <Filter>Source Files</Filter>
    </ClCompile>
    <ClCompile Include="App\Editors\SpeedTreeEditor.cpp">
      <Filter>Source Files</Filter>
    </ClCompile>
    <ClCompile Include="Core\Tera\UTerrain.cpp">
      <Filter>Source Files</Filter>
    </ClCompile>
    <ClCompile Include="App\Windows\MaterialView.cpp">
      <Filter>Source Files</Filter>
    </ClCompile>
    <ClCompile Include="App\Editors\MaterialEditor.cpp">
      <Filter>Source Files</Filter>
    </ClCompile>
    <ClCompile Include="Core\Tera\UMaterialExpression.cpp">
      <Filter>Source Files</Filter>
    </ClCompile>
    <ClCompile Include="App\Editors\MaterialInstanceEditor.cpp">
      <Filter>Source Files</Filter>
    </ClCompile>
    <ClCompile Include="App\Windows\ObjectPicker.cpp">
      <Filter>Source Files</Filter>
    </ClCompile>
    <ClCompile Include="App\Windows\BulkImportWindow.cpp">
      <Filter>Source Files</Filter>
    </ClCompile>
    <ClCompile Include="App\Misc\BulkImportOperation.cpp">
      <Filter>Source Files</Filter>
    </ClCompile>
    <ClCompile Include="Core\Utils\TfcBuilder.cpp">
      <Filter>Source Files</Filter>
    </ClCompile>
    <ClCompile Include="Core\Utils\AConfiguration.cpp">
      <Filter>Source Files</Filter>
    </ClCompile>
    <ClCompile Include="Core\Utils\ALog.cpp">
      <Filter>Source Files</Filter>
    </ClCompile>
    <ClCompile Include="App\Windows\PackageWindowExport.cpp">
      <Filter>Source Files</Filter>
    </ClCompile>
    <ClCompile Include="Core\Tera\ULight.cpp">
      <Filter>Source Files</Filter>
    </ClCompile>
    <ClCompile Include="App\Windows\LevelExportOptions.cpp">
      <Filter>Source Files</Filter>
    </ClCompile>
    <ClCompile Include="App\Editors\LevelEditorExport.cpp">
      <Filter>Source Files</Filter>
    </ClCompile>
    <ClCompile Include="Core\Tera\UPrefab.cpp">
      <Filter>Source Files</Filter>
    </ClCompile>
    <ClCompile Include="App\Editors\PrefabEditor.cpp">
      <Filter>Source Files</Filter>
    </ClCompile>
    <ClCompile Include="Core\Tera\ULightMap.cpp">
      <Filter>Source Files</Filter>
    </ClCompile>
    <ClCompile Include="App\Windows\REDialogs.cpp">
      <Filter>Source Files</Filter>
    </ClCompile>
    <ClCompile Include="App\Windows\MaterialMapperDialog.cpp">
      <Filter>Source Files</Filter>
    </ClCompile>
    <ClCompile Include="App\Windows\DependsResolveDialog.cpp">
      <Filter>Source Files</Filter>
    </ClCompile>
    <ClCompile Include="Core\Tera\UObjectReferencer.cpp">
      <Filter>Source Files</Filter>
    </ClCompile>
    <ClCompile Include="Core\Utils\DCKeyTool.cpp">
      <Filter>Source Files</Filter>
    </ClCompile>
    <ClCompile Include="App\Windows\DcToolDialog.cpp">
      <Filter>Source Files</Filter>
    </ClCompile>
    <ClCompile Include="Extern\pugixml\pugixml.cpp">
      <Filter>Source Files</Filter>
    </ClCompile>
    <ClCompile Include="Core\Tera\DC.cpp">
      <Filter>Source Files</Filter>
    </ClCompile>
    <ClCompile Include="App\Windows\WelcomeDialog.cpp">
      <Filter>Source Files</Filter>
    </ClCompile>
    <ClCompile Include="App\Misc\wxModalWindow.cpp">
      <Filter>Source Files</Filter>
    </ClCompile>
    <ClCompile Include="Core\Utils\ALDevice.cpp">
      <Filter>Source Files</Filter>
    </ClCompile>
    <ClCompile Include="App\Editors\AnimationEditor.cpp">
      <Filter>Source Files</Filter>
    </ClCompile>
    <ClCompile Include="App\Misc\WXDialog.cpp">
      <Filter>Source Files</Filter>
    </ClCompile>
  </ItemGroup>
  <ItemGroup>
    <ClInclude Include="App\App.h">
      <Filter>Source Files\App</Filter>
    </ClInclude>
    <ClInclude Include="App\Editors\GenericEditor.h">
      <Filter>Source Files\App</Filter>
    </ClInclude>
    <ClInclude Include="App\Editors\ObjectRedirectorEditor.h" />
    <ClInclude Include="App\Editors\TextureEditor.h" />
    <ClInclude Include="resource.h" />
    <ClInclude Include="App\Windows\LogWindow.h" />
    <ClInclude Include="App\Windows\PackageWindow.h">
      <Filter>Source Files\App</Filter>
    </ClInclude>
    <ClInclude Include="App\Windows\PackageWindowLayout.h">
      <Filter>Source Files\App</Filter>
    </ClInclude>
    <ClInclude Include="App\Windows\ProgressWindow.h" />
    <ClInclude Include="App\Windows\SettingsWindow.h" />
    <ClInclude Include="App\Misc\RpcCom.h">
      <Filter>Source Files\App</Filter>
    </ClInclude>
    <ClInclude Include="App\Misc\ObjectProperties.h" />
    <ClInclude Include="App\Misc\ObjectTreeModel.h" />
    <ClInclude Include="App\Misc\OSGWindow.h" />
    <ClInclude Include="Core\Tera\Cast.h" />
    <ClInclude Include="Core\Tera\Core.h" />
    <ClInclude Include="Core\Tera\FFlags.h" />
    <ClInclude Include="Core\Tera\FName.h" />
    <ClInclude Include="Core\Tera\FObjectResource.h" />
    <ClInclude Include="Core\Tera\FPackage.h" />
    <ClInclude Include="Core\Tera\FPropertyTag.h" />
    <ClInclude Include="Core\Tera\FStream.h" />
    <ClInclude Include="Core\Tera\FString.h" />
    <ClInclude Include="Core\Tera\FStructs.h" />
    <ClInclude Include="Core\Tera\UClass.h" />
    <ClInclude Include="Core\Tera\UComponent.h" />
    <ClInclude Include="Core\Tera\UMaterial.h" />
    <ClInclude Include="Core\Tera\UMetaData.h" />
    <ClInclude Include="Core\Tera\UNames.h" />
    <ClInclude Include="Core\Tera\UObject.h" />
    <ClInclude Include="Core\Tera\UObjectRedirector.h" />
    <ClInclude Include="Core\Tera\UPersistentCookerData.h" />
    <ClInclude Include="Core\Tera\UProperty.h" />
    <ClInclude Include="Core\Tera\UStaticMesh.h" />
    <ClInclude Include="Core\Tera\UTexture.h" />
    <ClInclude Include="Core\Utils\TextureProcessor.h" />
    <ClInclude Include="Extern\minilzo\lzoconf.h" />
    <ClInclude Include="Extern\minilzo\lzodefs.h" />
    <ClInclude Include="Extern\minilzo\minilzo.h" />
    <ClInclude Include="App\Windows\CompositePackagePicker.h" />
    <ClInclude Include="App\Windows\TextureImporter.h" />
    <ClInclude Include="Core\Utils\TextureTravaller.h" />
    <ClInclude Include="Core\Utils\CompositePatcher.h" />
    <ClInclude Include="App\Windows\CompositePatcherWindow.h" />
    <ClInclude Include="App\Windows\CreateModWindow.h" />
    <ClInclude Include="App\Windows\CookingOptions.h" />
    <ClInclude Include="Core\Tera\USkeletalMesh.h" />
    <ClInclude Include="Core\Tera\kDOP.h" />
    <ClInclude Include="Core\Utils\FbxUtils.h" />
    <ClInclude Include="App\Editors\SkelMeshEditor.h" />
    <ClInclude Include="App\Editors\StaticMeshEditor.h" />
    <ClInclude Include="Core\Utils\DDS.h" />
    <ClInclude Include="Core\Tera\USoundNode.h" />
    <ClInclude Include="App\Editors\SoundWaveEditor.h" />
    <ClInclude Include="Core\Utils\SoundTravaller.h" />
    <ClInclude Include="App\Misc\CompositeExtractModel.h" />
    <ClInclude Include="Core\Tera\UAnimation.h" />
    <ClInclude Include="App\Misc\ArchiveInfo.h" />
    <ClInclude Include="Core\Tera\UPhysAsset.h" />
    <ClInclude Include="Core\Tera\UActor.h" />
    <ClInclude Include="Core\Tera\UActorComponent.h" />
    <ClInclude Include="Core\Tera\ULevel.h" />
    <ClInclude Include="App\Editors\ClassEditor.h" />
    <ClInclude Include="Core\Tera\UTerrain.h" />
    <ClInclude Include="App\Editors\LevelEditor.h" />
    <ClInclude Include="App\Editors\StaticMeshActorEditor.h" />
    <ClInclude Include="Core\Tera\ULevelStreaming.h" />
    <ClInclude Include="Core\Tera\USpeedTree.h" />
    <ClInclude Include="App\Editors\SpeedTreeEditor.h" />
    <ClInclude Include="App\Windows\MaterialView.h" />
    <ClInclude Include="App\Editors\MaterialEditor.h" />
    <ClInclude Include="Core\Tera\UMaterialExpression.h" />
    <ClInclude Include="App\Editors\MaterialInstanceEditor.h" />
    <ClInclude Include="App\Windows\ObjectPicker.h" />
    <ClInclude Include="App\Windows\BulkImportWindow.h" />
    <ClInclude Include="App\Misc\BulkImportOperation.h" />
    <ClInclude Include="Core\Utils\TfcBuilder.h" />
    <ClInclude Include="Core\Utils\AConfiguration.h" />
    <ClInclude Include="Core\Utils\ALog.h" />
    <ClInclude Include="Core\Utils\T3DUtils.h" />
    <ClInclude Include="Core\Tera\ULight.h" />
    <ClInclude Include="App\Windows\LevelExportOptions.h" />
    <ClInclude Include="Core\Tera\UPrefab.h" />
    <ClInclude Include="App\Editors\PrefabEditor.h" />
    <ClInclude Include="Core\Tera\ULightMap.h" />
    <ClInclude Include="Core\Utils\MeshTravaller.h" />
    <ClInclude Include="App\Windows\REDialogs.h" />
    <ClInclude Include="App\Windows\MaterialMapperDialog.h" />
    <ClInclude Include="Core\Tera\FObjectArray.h" />
    <ClInclude Include="App\Windows\DependsResolveDialog.h" />
    <ClInclude Include="Core\Tera\UObjectReferencer.h" />
    <ClInclude Include="Core\Utils\DCKeyTool.h" />
    <ClInclude Include="App\Windows\DcToolDialog.h" />
    <ClInclude Include="Core\Tera\DC.h" />
    <ClInclude Include="Extern\pugixml\pugiconfig.hpp" />
    <ClInclude Include="Extern\pugixml\pugixml.hpp" />
    <ClInclude Include="Extern\rapidjson\allocators.h" />
    <ClInclude Include="Extern\rapidjson\cursorstreamwrapper.h" />
    <ClInclude Include="Extern\rapidjson\document.h" />
    <ClInclude Include="Extern\rapidjson\encodedstream.h" />
    <ClInclude Include="Extern\rapidjson\encodings.h" />
    <ClInclude Include="Extern\rapidjson\error\en.h" />
    <ClInclude Include="Extern\rapidjson\error\error.h" />
    <ClInclude Include="Extern\rapidjson\filereadstream.h" />
    <ClInclude Include="Extern\rapidjson\filewritestream.h" />
    <ClInclude Include="Extern\rapidjson\fwd.h" />
    <ClInclude Include="Extern\rapidjson\internal\biginteger.h" />
    <ClInclude Include="Extern\rapidjson\internal\clzll.h" />
    <ClInclude Include="Extern\rapidjson\internal\diyfp.h" />
    <ClInclude Include="Extern\rapidjson\internal\dtoa.h" />
    <ClInclude Include="Extern\rapidjson\internal\ieee754.h" />
    <ClInclude Include="Extern\rapidjson\internal\itoa.h" />
    <ClInclude Include="Extern\rapidjson\internal\meta.h" />
    <ClInclude Include="Extern\rapidjson\internal\pow10.h" />
    <ClInclude Include="Extern\rapidjson\internal\regex.h" />
    <ClInclude Include="Extern\rapidjson\internal\stack.h" />
    <ClInclude Include="Extern\rapidjson\internal\strfunc.h" />
    <ClInclude Include="Extern\rapidjson\internal\strtod.h" />
    <ClInclude Include="Extern\rapidjson\internal\swap.h" />
    <ClInclude Include="Extern\rapidjson\istreamwrapper.h" />
    <ClInclude Include="Extern\rapidjson\memorybuffer.h" />
    <ClInclude Include="Extern\rapidjson\memorystream.h" />
    <ClInclude Include="Extern\rapidjson\msinttypes\inttypes.h" />
    <ClInclude Include="Extern\rapidjson\msinttypes\stdint.h" />
    <ClInclude Include="Extern\rapidjson\ostreamwrapper.h" />
    <ClInclude Include="Extern\rapidjson\pointer.h" />
    <ClInclude Include="Extern\rapidjson\prettywriter.h" />
    <ClInclude Include="Extern\rapidjson\rapidjson.h" />
    <ClInclude Include="Extern\rapidjson\reader.h" />
    <ClInclude Include="Extern\rapidjson\schema.h" />
    <ClInclude Include="Extern\rapidjson\stream.h" />
    <ClInclude Include="Extern\rapidjson\stringbuffer.h" />
    <ClInclude Include="Extern\rapidjson\writer.h" />
    <ClInclude Include="App\Windows\WelcomeDialog.h" />
    <ClInclude Include="App\Misc\wxModalWindow.h" />
    <ClInclude Include="Core\Utils\ALDevice.h" />
    <ClInclude Include="Core\Utils\FPackageObserver.h" />
    <ClInclude Include="App\Editors\AnimationEditor.h" />
    <ClInclude Include="App\Misc\WXDialog.h" />
  </ItemGroup>
  <ItemGroup>
    <ResourceCompile Include="Resource.rc">
      <Filter>Resource Files</Filter>
    </ResourceCompile>
  </ItemGroup>
  <ItemGroup>
    <Image Include="Resources\Btn_Texture2D_Alpha.png">
      <Filter>Resource Files</Filter>
    </Image>
    <Image Include="Resources\Btn_Texture2D_Blue.png">
      <Filter>Resource Files</Filter>
    </Image>
    <Image Include="Resources\Btn_Texture2D_Green.png">
      <Filter>Resource Files</Filter>
    </Image>
    <Image Include="Resources\Btn_Texture2D_Red.png">
      <Filter>Resource Files</Filter>
    </Image>
    <Image Include="Resources\Btn_Import.png">
      <Filter>Resource Files</Filter>
    </Image>
    <Image Include="Resources\Btn_Export.png">
      <Filter>Resource Files</Filter>
    </Image>
    <Image Include="Resources\FileIcon.ico">
      <Filter>Resource Files</Filter>
    </Image>
    <Image Include="Resources\AppIcon.ico">
      <Filter>Resource Files</Filter>
    </Image>
    <Image Include="Resources\Btn_Forward.png">
      <Filter>Resource Files</Filter>
    </Image>
    <Image Include="Resources\Classes\icon_mesh.png">
      <Filter>Resource Files</Filter>
    </Image>
    <Image Include="Resources\Classes\icon_redir.png">
      <Filter>Resource Files</Filter>
    </Image>
    <Image Include="Resources\Classes\icon_t2d.png">
      <Filter>Resource Files</Filter>
    </Image>
    <Image Include="Resources\Classes\icon_sound.png">
      <Filter>Resource Files</Filter>
    </Image>
    <Image Include="Resources\Classes\icon_class.png">
      <Filter>Resource Files</Filter>
    </Image>
    <Image Include="Resources\Btn_Refresh.png">
      <Filter>Resource Files</Filter>
    </Image>
    <Image Include="Resources\Classes\icon_imp.png">
      <Filter>Resource Files</Filter>
    </Image>
    <Image Include="Resources\Btn_Class.png">
      <Filter>Resource Files</Filter>
    </Image>
    <Image Include="Resources\Classes\icon_mat.png">
      <Filter>Resource Files</Filter>
    </Image>
    <Image Include="Resources\Classes\icon_mi.png">
      <Filter>Resource Files</Filter>
    </Image>
    <Image Include="Resources\Btn_PreviewLevel.png">
      <Filter>Resource Files</Filter>
    </Image>
    <Image Include="Resources\Classes\icon_level.png">
      <Filter>Resource Files</Filter>
    </Image>
    <Image Include="Resources\Classes\icon_slevel.png">
      <Filter>Resource Files</Filter>
    </Image>
  </ItemGroup>
</Project>