<?xml version="1.0" encoding="utf-8"?>
<Project ToolsVersion="4.0" xmlns="http://schemas.microsoft.com/developer/msbuild/2003">
  <ItemGroup>
    <Filter Include="Source Files">
      <UniqueIdentifier>{4FC737F1-C7A5-4376-A066-2A32D752A2FF}</UniqueIdentifier>
      <Extensions>cpp;c;cc;cxx;c++;def;odl;idl;hpj;bat;asm;asmx</Extensions>
    </Filter>
    <Filter Include="Resource Files">
      <UniqueIdentifier>{67DA6AB6-F800-4c08-8B7A-83BB121AAD01}</UniqueIdentifier>
      <Extensions>rc;ico;cur;bmp;dlg;rc2;rct;bin;rgs;gif;jpg;jpeg;jpe;resx;tiff;tif;png;wav;mfcribbon-ms</Extensions>
    </Filter>
    <Filter Include="Source Files\App">
      <UniqueIdentifier>{cf4b1c5f-2201-4654-8949-0c48a4063e5b}</UniqueIdentifier>
    </Filter>
  </ItemGroup>
  <ItemGroup>
    <ClCompile Include="App\App.cpp">
      <Filter>Source Files\App</Filter>
    </ClCompile>
    <ClCompile Include="App\PackageWindow.cpp">
      <Filter>Source Files\App</Filter>
    </ClCompile>
    <ClCompile Include="App\RootPathWindow.cpp">
      <Filter>Source Files\App</Filter>
    </ClCompile>
    <ClCompile Include="App\RpcCom.cpp">
      <Filter>Source Files\App</Filter>
    </ClCompile>
    <ClCompile Include="Unreal\MiniLZO\minilzo.c">
      <Filter>Source Files</Filter>
    </ClCompile>
    <ClCompile Include="Unreal\Tera\Core.cpp">
      <Filter>Source Files</Filter>
    </ClCompile>
    <ClCompile Include="Unreal\Tera\FName.cpp">
      <Filter>Source Files</Filter>
    </ClCompile>
    <ClCompile Include="Unreal\Tera\FObjectResource.cpp">
      <Filter>Source Files</Filter>
    </ClCompile>
    <ClCompile Include="Unreal\Tera\FPackage.cpp">
      <Filter>Source Files</Filter>
    </ClCompile>
    <ClCompile Include="Unreal\Tera\FStream.cpp">
      <Filter>Source Files</Filter>
    </ClCompile>
    <ClCompile Include="Unreal\Tera\FStructs.cpp">
      <Filter>Source Files</Filter>
    </ClCompile>
    <ClCompile Include="Unreal\Tera\UClass.cpp">
      <Filter>Source Files</Filter>
    </ClCompile>
    <ClCompile Include="Unreal\Tera\UObject.cpp">
      <Filter>Source Files</Filter>
    </ClCompile>
    <ClCompile Include="Unreal\Tera\UProperty.cpp">
      <Filter>Source Files</Filter>
    </ClCompile>
    <ClCompile Include="Unreal\Tera\AConfiguration.cpp">
      <Filter>Source Files</Filter>
    </ClCompile>
    <ClCompile Include="App\LogWindow.cpp">
      <Filter>Source Files</Filter>
    </ClCompile>
    <ClCompile Include="Unreal\Tera\ALog.cpp">
      <Filter>Source Files</Filter>
    </ClCompile>
    <ClCompile Include="App\ProgressWindow.cpp">
      <Filter>Source Files</Filter>
    </ClCompile>
    <ClCompile Include="Unreal\Tera\UObjectRedirector.cpp">
      <Filter>Source Files</Filter>
    </ClCompile>
    <ClCompile Include="Unreal\Tera\UComponent.cpp">
      <Filter>Source Files</Filter>
    </ClCompile>
    <ClCompile Include="Unreal\Tera\UObjectFactory.cpp">
      <Filter>Source Files</Filter>
    </ClCompile>
    <ClCompile Include="Unreal\Tera\UNames.cpp">
      <Filter>Source Files</Filter>
    </ClCompile>
    <ClCompile Include="Unreal\Tera\UStaticMesh.cpp">
      <Filter>Source Files</Filter>
    </ClCompile>
    <ClCompile Include="Unreal\Tera\UPersistentCookerData.cpp">
      <Filter>Source Files</Filter>
    </ClCompile>
    <ClCompile Include="Unreal\Tera\FString.cpp">
      <Filter>Source Files</Filter>
    </ClCompile>
    <ClCompile Include="Unreal\Tera\FPropertyTag.cpp">
      <Filter>Source Files</Filter>
    </ClCompile>
    <ClCompile Include="App\ObjectProperties.cpp">
      <Filter>Source Files</Filter>
    </ClCompile>
    <ClCompile Include="Unreal\Tera\UMetaData.cpp">
      <Filter>Source Files</Filter>
    </ClCompile>
    <ClCompile Include="Unreal\Tera\UTexture.cpp">
      <Filter>Source Files</Filter>
    </ClCompile>
    <ClCompile Include="App\Editors\GenericEditor.cpp">
      <Filter>Source Files\App</Filter>
    </ClCompile>
    <ClCompile Include="App\Editors\ObjectRedirectorEditor.cpp">
      <Filter>Source Files</Filter>
    </ClCompile>
    <ClCompile Include="App\ObjectTreeModel.cpp">
      <Filter>Source Files</Filter>
    </ClCompile>
    <ClCompile Include="App\Editors\TextureEditor.cpp">
      <Filter>Source Files</Filter>
    </ClCompile>
    <ClCompile Include="App\Editors\OSGWindow.cpp">
      <Filter>Source Files</Filter>
    </ClCompile>
  </ItemGroup>
  <ItemGroup>
    <ClInclude Include="App\App.h">
      <Filter>Source Files\App</Filter>
    </ClInclude>
    <ClInclude Include="App\PackageWindow.h">
      <Filter>Source Files\App</Filter>
    </ClInclude>
    <ClInclude Include="App\PackageWindowLayout.h">
      <Filter>Source Files\App</Filter>
    </ClInclude>
    <ClInclude Include="App\RootPathWindow.h">
      <Filter>Source Files\App</Filter>
    </ClInclude>
    <ClInclude Include="App\RpcCom.h">
      <Filter>Source Files\App</Filter>
    </ClInclude>
    <ClInclude Include="Unreal\MiniLZO\lzoconf.h" />
    <ClInclude Include="Unreal\MiniLZO\lzodefs.h" />
    <ClInclude Include="Unreal\MiniLZO\minilzo.h" />
    <ClInclude Include="Unreal\Tera\Core.h" />
    <ClInclude Include="Unreal\Tera\FFlags.h" />
    <ClInclude Include="Unreal\Tera\FName.h" />
    <ClInclude Include="Unreal\Tera\FObjectResource.h" />
    <ClInclude Include="Unreal\Tera\FPackage.h" />
    <ClInclude Include="Unreal\Tera\FStream.h" />
    <ClInclude Include="Unreal\Tera\FStructs.h" />
    <ClInclude Include="Unreal\Tera\UClass.h" />
    <ClInclude Include="Unreal\Tera\UObject.h" />
    <ClInclude Include="Unreal\Tera\UProperty.h" />
    <ClInclude Include="Unreal\Tera\AConfiguration.h" />
    <ClInclude Include="App\LogWindow.h" />
    <ClInclude Include="Unreal\Tera\ALog.h" />
    <ClInclude Include="App\ProgressWindow.h" />
    <ClInclude Include="Unreal\Tera\UObjectRedirector.h" />
    <ClInclude Include="Unreal\Tera\UComponent.h" />
    <ClInclude Include="Unreal\Tera\FPropertyTag.h" />
    <ClInclude Include="Unreal\Tera\UNames.h" />
    <ClInclude Include="Unreal\Tera\FScriptArray.h" />
    <ClInclude Include="Unreal\Tera\FString.h" />
    <ClInclude Include="Unreal\Tera\Cast.h" />
    <ClInclude Include="Unreal\Tera\UMaterial.h" />
    <ClInclude Include="Unreal\Tera\UStaticMesh.h" />
    <ClInclude Include="Unreal\Tera\UPersistentCookerData.h" />
    <ClInclude Include="App\ObjectProperties.h" />
    <ClInclude Include="Unreal\Tera\UMetaData.h" />
    <ClInclude Include="Unreal\Tera\UTexture.h" />
    <ClInclude Include="App\Editors\GenericEditor.h">
      <Filter>Source Files\App</Filter>
    </ClInclude>
    <ClInclude Include="App\Editors\ObjectRedirectorEditor.h" />
    <ClInclude Include="App\ObjectTreeModel.h" />
    <ClInclude Include="App\Editors\TextureEditor.h" />
    <ClInclude Include="App\Editors\OSGWindow.h" />
  </ItemGroup>
</Project>