<?xml version="1.0" encoding="utf-8"?>
<Project ToolsVersion="4.0" xmlns="http://schemas.microsoft.com/developer/msbuild/2003">
  <ItemGroup>
    <Filter Include="Source Files">
      <UniqueIdentifier>{4FC737F1-C7A5-4376-A066-2A32D752A2FF}</UniqueIdentifier>
      <Extensions>cpp;c;cc;cxx;c++;def;odl;idl;hpj;bat;asm;asmx</Extensions>
    </Filter>
    <Filter Include="Resource Files">
      <UniqueIdentifier>{67DA6AB6-F800-4c08-8B7A-83BB121AAD01}</UniqueIdentifier>
      <Extensions>rc;ico;cur;bmp;dlg;rc2;rct;bin;rgs;gif;jpg;jpeg;jpe;resx;tiff;tif;png;wav;mfcribbon-ms</Extensions>
    </Filter>
    <Filter Include="Source Files\App">
      <UniqueIdentifier>{cf4b1c5f-2201-4654-8949-0c48a4063e5b}</UniqueIdentifier>
    </Filter>
  </ItemGroup>
  <ItemGroup>
    <ClCompile Include="App\App.cpp">
      <Filter>Source Files\App</Filter>
    </ClCompile>
    <ClCompile Include="App\Editors\GenericEditor.cpp">
      <Filter>Source Files\App</Filter>
    </ClCompile>
    <ClCompile Include="App\Editors\ObjectRedirectorEditor.cpp">
      <Filter>Source Files</Filter>
    </ClCompile>
    <ClCompile Include="App\Editors\TextureEditor.cpp">
      <Filter>Source Files</Filter>
    </ClCompile>
    <ClCompile Include="App\Windows\LogWindow.cpp">
      <Filter>Source Files</Filter>
    </ClCompile>
    <ClCompile Include="App\Windows\PackageWindow.cpp">
      <Filter>Source Files\App</Filter>
    </ClCompile>
    <ClCompile Include="App\Windows\ProgressWindow.cpp">
      <Filter>Source Files</Filter>
    </ClCompile>
    <ClCompile Include="App\Windows\SettingsWindow.cpp">
      <Filter>Source Files</Filter>
    </ClCompile>
    <ClCompile Include="App\Misc\ObjectTreeModel.cpp">
      <Filter>Source Files</Filter>
    </ClCompile>
    <ClCompile Include="App\Misc\RpcCom.cpp">
      <Filter>Source Files\App</Filter>
    </ClCompile>
    <ClCompile Include="App\CustomViews\OSGView.cpp">
      <Filter>Source Files</Filter>
    </ClCompile>
    <ClCompile Include="Extern\minilzo\minilzo.c">
      <Filter>Source Files</Filter>
    </ClCompile>
    <ClCompile Include="App\Windows\CompositePackagePicker.cpp">
      <Filter>Source Files</Filter>
    </ClCompile>
    <ClCompile Include="App\Windows\TextureImporter.cpp">
      <Filter>Source Files</Filter>
    </ClCompile>
    <ClCompile Include="App\Windows\CreateModWindow.cpp">
      <Filter>Source Files</Filter>
    </ClCompile>
    <ClCompile Include="App\Windows\CookingOptions.cpp">
      <Filter>Source Files</Filter>
    </ClCompile>
    <ClCompile Include="App\Editors\SkelMeshEditor.cpp">
      <Filter>Source Files</Filter>
    </ClCompile>
    <ClCompile Include="App\Editors\StaticMeshEditor.cpp">
      <Filter>Source Files</Filter>
    </ClCompile>
    <ClCompile Include="App\Editors\SoundWaveEditor.cpp">
      <Filter>Source Files</Filter>
    </ClCompile>
    <ClCompile Include="App\Misc\CompositeExtractModel.cpp">
      <Filter>Source Files</Filter>
    </ClCompile>
    <ClCompile Include="App\CustomViews\ArchiveInfo.cpp">
      <Filter>Source Files</Filter>
    </ClCompile>
    <ClCompile Include="App\Editors\ClassEditor.cpp">
      <Filter>Source Files</Filter>
    </ClCompile>
    <ClCompile Include="App\Editors\LevelEditor.cpp">
      <Filter>Source Files</Filter>
    </ClCompile>
    <ClCompile Include="App\Editors\StaticMeshActorEditor.cpp">
      <Filter>Source Files</Filter>
    </ClCompile>
    <ClCompile Include="App\Editors\SpeedTreeEditor.cpp">
      <Filter>Source Files</Filter>
    </ClCompile>
    <ClCompile Include="App\Editors\MaterialEditor.cpp">
      <Filter>Source Files</Filter>
    </ClCompile>
    <ClCompile Include="App\Editors\MaterialInstanceEditor.cpp">
      <Filter>Source Files</Filter>
    </ClCompile>
    <ClCompile Include="App\Windows\ObjectPicker.cpp">
      <Filter>Source Files</Filter>
    </ClCompile>
    <ClCompile Include="App\Windows\BulkImportWindow.cpp">
      <Filter>Source Files</Filter>
    </ClCompile>
    <ClCompile Include="App\Misc\BulkImportOperation.cpp">
      <Filter>Source Files</Filter>
    </ClCompile>
    <ClCompile Include="App\Windows\PackageWindowExport.cpp">
      <Filter>Source Files</Filter>
    </ClCompile>
    <ClCompile Include="App\Windows\LevelExportOptions.cpp">
      <Filter>Source Files</Filter>
    </ClCompile>
    <ClCompile Include="App\Editors\LevelEditorExport.cpp">
      <Filter>Source Files</Filter>
    </ClCompile>
    <ClCompile Include="App\Editors\PrefabEditor.cpp">
      <Filter>Source Files</Filter>
    </ClCompile>
    <ClCompile Include="App\Windows\REDialogs.cpp">
      <Filter>Source Files</Filter>
    </ClCompile>
    <ClCompile Include="App\Windows\MaterialMapperDialog.cpp">
      <Filter>Source Files</Filter>
    </ClCompile>
    <ClCompile Include="App\Windows\DependsResolveDialog.cpp">
      <Filter>Source Files</Filter>
    </ClCompile>
    <ClCompile Include="App\Windows\DcToolDialog.cpp">
      <Filter>Source Files</Filter>
    </ClCompile>
    <ClCompile Include="Extern\pugixml\pugixml.cpp">
      <Filter>Source Files</Filter>
    </ClCompile>
    <ClCompile Include="App\Windows\WelcomeDialog.cpp">
      <Filter>Source Files</Filter>
    </ClCompile>
    <ClCompile Include="App\Windows\WXModalWindow.cpp">
      <Filter>Source Files</Filter>
    </ClCompile>
    <ClCompile Include="App\Editors\AnimationEditor.cpp">
      <Filter>Source Files</Filter>
    </ClCompile>
    <ClCompile Include="App\Windows\WXDialog.cpp">
      <Filter>Source Files</Filter>
    </ClCompile>
    <ClCompile Include="App\Editors\SoundCueEditor.cpp">
      <Filter>Source Files</Filter>
    </ClCompile>
    <ClCompile Include="App\Windows\CreatePackageDialog.cpp">
      <Filter>Source Files</Filter>
    </ClCompile>
    <ClCompile Include="App\Windows\FlagsDialog.cpp">
      <Filter>Source Files</Filter>
    </ClCompile>
    <ClCompile Include="App\Misc\AConfiguration.cpp">
      <Filter>Source Files</Filter>
    </ClCompile>
    <ClCompile Include="App\CustomViews\MaterialView.cpp">
      <Filter>Source Files</Filter>
    </ClCompile>
    <ClCompile Include="App\CustomViews\ObjectProperties.cpp">
      <Filter>Source Files</Filter>
    </ClCompile>
  </ItemGroup>
  <ItemGroup>
    <ClInclude Include="App\App.h">
      <Filter>Source Files\App</Filter>
    </ClInclude>
    <ClInclude Include="App\Editors\GenericEditor.h">
      <Filter>Source Files\App</Filter>
    </ClInclude>
    <ClInclude Include="App\Editors\ObjectRedirectorEditor.h" />
    <ClInclude Include="App\Editors\TextureEditor.h" />
    <ClInclude Include="resource.h" />
    <ClInclude Include="App\Windows\LogWindow.h" />
    <ClInclude Include="App\Windows\PackageWindow.h">
      <Filter>Source Files\App</Filter>
    </ClInclude>
    <ClInclude Include="App\Windows\PackageWindowLayout.h">
      <Filter>Source Files\App</Filter>
    </ClInclude>
    <ClInclude Include="App\Windows\ProgressWindow.h" />
    <ClInclude Include="App\Windows\SettingsWindow.h" />
    <ClInclude Include="App\Misc\RpcCom.h">
      <Filter>Source Files\App</Filter>
    </ClInclude>
    <ClInclude Include="App\Misc\ObjectTreeModel.h" />
    <ClInclude Include="App\CustomViews\OSGView.h" />
    <ClInclude Include="Extern\minilzo\lzoconf.h" />
    <ClInclude Include="Extern\minilzo\lzodefs.h" />
    <ClInclude Include="Extern\minilzo\minilzo.h" />
    <ClInclude Include="App\Windows\CompositePackagePicker.h" />
    <ClInclude Include="App\Windows\TextureImporter.h" />
    <ClInclude Include="App\Windows\CreateModWindow.h" />
    <ClInclude Include="App\Windows\CookingOptions.h" />
    <ClInclude Include="App\Editors\SkelMeshEditor.h" />
    <ClInclude Include="App\Editors\StaticMeshEditor.h" />
    <ClInclude Include="App\Editors\SoundWaveEditor.h" />
    <ClInclude Include="App\Misc\CompositeExtractModel.h" />
    <ClInclude Include="App\CustomViews\ArchiveInfo.h" />
    <ClInclude Include="App\Editors\ClassEditor.h" />
    <ClInclude Include="App\Editors\LevelEditor.h" />
    <ClInclude Include="App\Editors\StaticMeshActorEditor.h" />
    <ClInclude Include="App\Editors\SpeedTreeEditor.h" />
    <ClInclude Include="App\Editors\MaterialEditor.h" />
    <ClInclude Include="App\Editors\MaterialInstanceEditor.h" />
    <ClInclude Include="App\Windows\ObjectPicker.h" />
    <ClInclude Include="App\Windows\BulkImportWindow.h" />
    <ClInclude Include="App\Misc\BulkImportOperation.h" />
    <ClInclude Include="App\Windows\LevelExportOptions.h" />
    <ClInclude Include="App\Editors\PrefabEditor.h" />
    <ClInclude Include="App\Windows\REDialogs.h" />
    <ClInclude Include="App\Windows\MaterialMapperDialog.h" />
    <ClInclude Include="App\Windows\DependsResolveDialog.h" />
    <ClInclude Include="App\Windows\DcToolDialog.h" />
    <ClInclude Include="Extern\pugixml\pugiconfig.hpp" />
    <ClInclude Include="Extern\pugixml\pugixml.hpp" />
    <ClInclude Include="Extern\rapidjson\allocators.h" />
    <ClInclude Include="Extern\rapidjson\cursorstreamwrapper.h" />
    <ClInclude Include="Extern\rapidjson\document.h" />
    <ClInclude Include="Extern\rapidjson\encodedstream.h" />
    <ClInclude Include="Extern\rapidjson\encodings.h" />
    <ClInclude Include="Extern\rapidjson\error\en.h" />
    <ClInclude Include="Extern\rapidjson\error\error.h" />
    <ClInclude Include="Extern\rapidjson\filereadstream.h" />
    <ClInclude Include="Extern\rapidjson\filewritestream.h" />
    <ClInclude Include="Extern\rapidjson\fwd.h" />
    <ClInclude Include="Extern\rapidjson\internal\biginteger.h" />
    <ClInclude Include="Extern\rapidjson\internal\clzll.h" />
    <ClInclude Include="Extern\rapidjson\internal\diyfp.h" />
    <ClInclude Include="Extern\rapidjson\internal\dtoa.h" />
    <ClInclude Include="Extern\rapidjson\internal\ieee754.h" />
    <ClInclude Include="Extern\rapidjson\internal\itoa.h" />
    <ClInclude Include="Extern\rapidjson\internal\meta.h" />
    <ClInclude Include="Extern\rapidjson\internal\pow10.h" />
    <ClInclude Include="Extern\rapidjson\internal\regex.h" />
    <ClInclude Include="Extern\rapidjson\internal\stack.h" />
    <ClInclude Include="Extern\rapidjson\internal\strfunc.h" />
    <ClInclude Include="Extern\rapidjson\internal\strtod.h" />
    <ClInclude Include="Extern\rapidjson\internal\swap.h" />
    <ClInclude Include="Extern\rapidjson\istreamwrapper.h" />
    <ClInclude Include="Extern\rapidjson\memorybuffer.h" />
    <ClInclude Include="Extern\rapidjson\memorystream.h" />
    <ClInclude Include="Extern\rapidjson\msinttypes\inttypes.h" />
    <ClInclude Include="Extern\rapidjson\msinttypes\stdint.h" />
    <ClInclude Include="Extern\rapidjson\ostreamwrapper.h" />
    <ClInclude Include="Extern\rapidjson\pointer.h" />
    <ClInclude Include="Extern\rapidjson\prettywriter.h" />
    <ClInclude Include="Extern\rapidjson\rapidjson.h" />
    <ClInclude Include="Extern\rapidjson\reader.h" />
    <ClInclude Include="Extern\rapidjson\schema.h" />
    <ClInclude Include="Extern\rapidjson\stream.h" />
    <ClInclude Include="Extern\rapidjson\stringbuffer.h" />
    <ClInclude Include="Extern\rapidjson\writer.h" />
    <ClInclude Include="App\Windows\WelcomeDialog.h" />
    <ClInclude Include="App\Windows\WXModalWindow.h" />
    <ClInclude Include="App\Editors\AnimationEditor.h" />
    <ClInclude Include="App\Windows\WXDialog.h" />
    <ClInclude Include="App\Editors\SoundCueEditor.h" />
    <ClInclude Include="App\Windows\CreatePackageDialog.h" />
    <ClInclude Include="App\Windows\FlagsDialog.h" />
    <ClInclude Include="App\AppVersion.h" />
    <ClInclude Include="App\Misc\AConfiguration.h" />
    <ClInclude Include="App\CustomViews\MaterialView.h" />
    <ClInclude Include="App\CustomViews\ObjectProperties.h" />
  </ItemGroup>
  <ItemGroup>
    <ResourceCompile Include="Resource.rc">
      <Filter>Resource Files</Filter>
    </ResourceCompile>
  </ItemGroup>
  <ItemGroup>
    <Image Include="Resources\Btn_Texture2D_Alpha.png">
      <Filter>Resource Files</Filter>
    </Image>
    <Image Include="Resources\Btn_Texture2D_Blue.png">
      <Filter>Resource Files</Filter>
    </Image>
    <Image Include="Resources\Btn_Texture2D_Green.png">
      <Filter>Resource Files</Filter>
    </Image>
    <Image Include="Resources\Btn_Texture2D_Red.png">
      <Filter>Resource Files</Filter>
    </Image>
    <Image Include="Resources\Btn_Import.png">
      <Filter>Resource Files</Filter>
    </Image>
    <Image Include="Resources\Btn_Export.png">
      <Filter>Resource Files</Filter>
    </Image>
    <Image Include="Resources\FileIcon.ico">
      <Filter>Resource Files</Filter>
    </Image>
    <Image Include="Resources\AppIcon.ico">
      <Filter>Resource Files</Filter>
    </Image>
    <Image Include="Resources\Btn_Forward.png">
      <Filter>Resource Files</Filter>
    </Image>
    <Image Include="Resources\Classes\icon_mesh.png">
      <Filter>Resource Files</Filter>
    </Image>
    <Image Include="Resources\Classes\icon_redir.png">
      <Filter>Resource Files</Filter>
    </Image>
    <Image Include="Resources\Classes\icon_t2d.png">
      <Filter>Resource Files</Filter>
    </Image>
    <Image Include="Resources\Classes\icon_sound.png">
      <Filter>Resource Files</Filter>
    </Image>
    <Image Include="Resources\Classes\icon_class.png">
      <Filter>Resource Files</Filter>
    </Image>
    <Image Include="Resources\Btn_Refresh.png">
      <Filter>Resource Files</Filter>
    </Image>
    <Image Include="Resources\Classes\icon_imp.png">
      <Filter>Resource Files</Filter>
    </Image>
    <Image Include="Resources\Btn_Class.png">
      <Filter>Resource Files</Filter>
    </Image>
    <Image Include="Resources\Classes\icon_mat.png">
      <Filter>Resource Files</Filter>
    </Image>
    <Image Include="Resources\Classes\icon_mi.png">
      <Filter>Resource Files</Filter>
    </Image>
    <Image Include="Resources\Btn_PreviewLevel.png">
      <Filter>Resource Files</Filter>
    </Image>
    <Image Include="Resources\Classes\icon_level.png">
      <Filter>Resource Files</Filter>
    </Image>
    <Image Include="Resources\Classes\icon_slevel.png">
      <Filter>Resource Files</Filter>
    </Image>
  </ItemGroup>
  <ItemGroup>
    <Manifest Include="Resources\app.manifest" />
  </ItemGroup>
</Project>